
Microsoft Visual Studio Solution File, Format Version 12.00
# Visual Studio Version 16
VisualStudioVersion = 16.0.30011.22
MinimumVisualStudioVersion = 10.0.40219.1
Project("{FAE04EC0-301F-11D3-BF4B-00C04F79EFBC}") = "Viktor", "Viktor\Viktor.csproj", "{D9FB7367-D746-42AA-A5B9-EB01650180AE}"
EndProject
Project("{FAE04EC0-301F-11D3-BF4B-00C04F79EFBC}") = "ViktorDataModel", "ViktorDataModel\ViktorDataModel.csproj", "{D9C767E1-8FD2-4EA3-A2BD-1182974A98A6}"
EndProject
Global
	GlobalSection(SolutionConfigurationPlatforms) = preSolution
		Debug|Any CPU = Debug|Any CPU
		Release|Any CPU = Release|Any CPU
	EndGlobalSection
	GlobalSection(ProjectConfigurationPlatforms) = postSolution
		{D9FB7367-D746-42AA-A5B9-EB01650180AE}.Debug|Any CPU.ActiveCfg = Debug|Any CPU
		{D9FB7367-D746-42AA-A5B9-EB01650180AE}.Debug|Any CPU.Build.0 = Debug|Any CPU
		{D9FB7367-D746-42AA-A5B9-EB01650180AE}.Release|Any CPU.ActiveCfg = Release|Any CPU
		{D9FB7367-D746-42AA-A5B9-EB01650180AE}.Release|Any CPU.Build.0 = Release|Any CPU
		{D9C767E1-8FD2-4EA3-A2BD-1182974A98A6}.Debug|Any CPU.ActiveCfg = Debug|Any CPU
		{D9C767E1-8FD2-4EA3-A2BD-1182974A98A6}.Debug|Any CPU.Build.0 = Debug|Any CPU
		{D9C767E1-8FD2-4EA3-A2BD-1182974A98A6}.Release|Any CPU.ActiveCfg = Release|Any CPU
		{D9C767E1-8FD2-4EA3-A2BD-1182974A98A6}.Release|Any CPU.Build.0 = Release|Any CPU
	EndGlobalSection
	GlobalSection(SolutionProperties) = preSolution
		HideSolutionNode = FALSE
	EndGlobalSection
	GlobalSection(ExtensibilityGlobals) = postSolution
		SolutionGuid = {A725E1BF-448B-4877-8F3A-93CD643623B5}
	EndGlobalSection
EndGlobal
